
Microsoft Visual Studio Solution File, Format Version 12.00
# Visual Studio Version 16
VisualStudioVersion = 16.0.29306.81
MinimumVisualStudioVersion = 10.0.40219.1
Project("{2150E333-8FDC-42A3-9474-1A3956D46DE8}") = "Cms.Application", "Cms.Application", "{1C7255EC-8ED7-4725-A020-3D544D174D39}"
EndProject
Project("{2150E333-8FDC-42A3-9474-1A3956D46DE8}") = "Cms.Api", "Cms.Api", "{95F61824-7871-4BCE-988B-6B5AEA575052}"
EndProject
Project("{2150E333-8FDC-42A3-9474-1A3956D46DE8}") = "Cms.Infrastructure", "Cms.Infrastructure", "{E0E18DB1-C362-43F9-AE72-201217D937B6}"
EndProject
Project("{2150E333-8FDC-42A3-9474-1A3956D46DE8}") = "Cms.Common", "Cms.Common", "{F8D9B554-4735-46EF-AD76-6A9B26F55F00}"
EndProject
Project("{2150E333-8FDC-42A3-9474-1A3956D46DE8}") = "Cms.Domain", "Cms.Domain", "{B48C903D-33BC-4FCA-BA71-68CE93CF4CEB}"
EndProject
Project("{9A19103F-16F7-4668-BE54-9A1E7A4F7556}") = "Cms.Data", "Cms.Data\Cms.Data.csproj", "{96744241-0C96-4B42-B3E8-B36EFF6D54E4}"
EndProject
Project("{9A19103F-16F7-4668-BE54-9A1E7A4F7556}") = "Cms.Repository", "Cms.Repository\Cms.Repository.csproj", "{F5D426B5-1A02-4857-B9DD-0D1D897F9F7C}"
EndProject
Project("{9A19103F-16F7-4668-BE54-9A1E7A4F7556}") = "Cms.Repository.Interface", "Cms.Repository.Interface\Cms.Repository.Interface.csproj", "{C9B82768-0A13-4C8C-95A1-42759E400FB1}"
EndProject
Project("{9A19103F-16F7-4668-BE54-9A1E7A4F7556}") = "Cms.Service", "Cms.Service\Cms.Service.csproj", "{F95BF47E-EA89-4EB6-BDAD-AE9CBF791306}"
EndProject
Project("{9A19103F-16F7-4668-BE54-9A1E7A4F7556}") = "Cms.Service.Interface", "Cms.Service.Interface\Cms.Service.Interface.csproj", "{08D889EB-6C11-4DE2-8E99-9EEC1BD7BEC0}"
EndProject
Project("{9A19103F-16F7-4668-BE54-9A1E7A4F7556}") = "Cms.Log", "Cms.Log\Cms.Log.csproj", "{C958D487-C3EA-4B81-9617-283DA6CE28A3}"
EndProject
Project("{9A19103F-16F7-4668-BE54-9A1E7A4F7556}") = "Cms.Model", "Cms.Model\Cms.Model.csproj", "{8FCD99D1-4AD2-4B5D-BD32-0CBE5452CEBD}"
EndProject
Project("{9A19103F-16F7-4668-BE54-9A1E7A4F7556}") = "Cms.Mail", "Cms.Mail\Cms.Mail.csproj", "{A223DF0E-2EF7-414A-9705-EB85B8E29697}"
EndProject
Project("{9A19103F-16F7-4668-BE54-9A1E7A4F7556}") = "Cms.EnumType", "Cms.EnumType\Cms.EnumType.csproj", "{F16B736E-1D03-46DA-A903-2F2F381BCE35}"
EndProject
Project("{9A19103F-16F7-4668-BE54-9A1E7A4F7556}") = "Cms.Library", "Cms.Library\Cms.Library.csproj", "{F54A95D4-F527-4BB1-B7FC-3FFFD86D1801}"
EndProject
Project("{9A19103F-16F7-4668-BE54-9A1E7A4F7556}") = "Cms.Mapping", "Cms.Mapping\Cms.Mapping.csproj", "{E170EB49-9F3F-474E-8436-D4FF123FED93}"
EndProject
Project("{9A19103F-16F7-4668-BE54-9A1E7A4F7556}") = "Cms.WebApi", "Cms.WebApi\Cms.WebApi.csproj", "{F411AC73-F7ED-4B1A-B533-22181E92AFCF}"
EndProject
Project("{2150E333-8FDC-42A3-9474-1A3956D46DE8}") = "Cms.Test", "Cms.Test", "{0E9747B8-7D9D-40D6-963D-F80F7377248C}"
EndProject
Project("{FAE04EC0-301F-11D3-BF4B-00C04F79EFBC}") = "Cms.XUnitTest", "Cms.XUnitTest\Cms.XUnitTest.csproj", "{0CF8A9BD-8239-4776-9B3C-D81E2D867D8E}"
EndProject
Global
	GlobalSection(SolutionConfigurationPlatforms) = preSolution
		Debug|Any CPU = Debug|Any CPU
		Release|Any CPU = Release|Any CPU
	EndGlobalSection
	GlobalSection(ProjectConfigurationPlatforms) = postSolution
		{96744241-0C96-4B42-B3E8-B36EFF6D54E4}.Debug|Any CPU.ActiveCfg = Debug|Any CPU
		{96744241-0C96-4B42-B3E8-B36EFF6D54E4}.Debug|Any CPU.Build.0 = Debug|Any CPU
		{96744241-0C96-4B42-B3E8-B36EFF6D54E4}.Release|Any CPU.ActiveCfg = Release|Any CPU
		{96744241-0C96-4B42-B3E8-B36EFF6D54E4}.Release|Any CPU.Build.0 = Release|Any CPU
		{F5D426B5-1A02-4857-B9DD-0D1D897F9F7C}.Debug|Any CPU.ActiveCfg = Debug|Any CPU
		{F5D426B5-1A02-4857-B9DD-0D1D897F9F7C}.Debug|Any CPU.Build.0 = Debug|Any CPU
		{F5D426B5-1A02-4857-B9DD-0D1D897F9F7C}.Release|Any CPU.ActiveCfg = Release|Any CPU
		{F5D426B5-1A02-4857-B9DD-0D1D897F9F7C}.Release|Any CPU.Build.0 = Release|Any CPU
		{C9B82768-0A13-4C8C-95A1-42759E400FB1}.Debug|Any CPU.ActiveCfg = Debug|Any CPU
		{C9B82768-0A13-4C8C-95A1-42759E400FB1}.Debug|Any CPU.Build.0 = Debug|Any CPU
		{C9B82768-0A13-4C8C-95A1-42759E400FB1}.Release|Any CPU.ActiveCfg = Release|Any CPU
		{C9B82768-0A13-4C8C-95A1-42759E400FB1}.Release|Any CPU.Build.0 = Release|Any CPU
		{F95BF47E-EA89-4EB6-BDAD-AE9CBF791306}.Debug|Any CPU.ActiveCfg = Debug|Any CPU
		{F95BF47E-EA89-4EB6-BDAD-AE9CBF791306}.Debug|Any CPU.Build.0 = Debug|Any CPU
		{F95BF47E-EA89-4EB6-BDAD-AE9CBF791306}.Release|Any CPU.ActiveCfg = Release|Any CPU
		{F95BF47E-EA89-4EB6-BDAD-AE9CBF791306}.Release|Any CPU.Build.0 = Release|Any CPU
		{08D889EB-6C11-4DE2-8E99-9EEC1BD7BEC0}.Debug|Any CPU.ActiveCfg = Debug|Any CPU
		{08D889EB-6C11-4DE2-8E99-9EEC1BD7BEC0}.Debug|Any CPU.Build.0 = Debug|Any CPU
		{08D889EB-6C11-4DE2-8E99-9EEC1BD7BEC0}.Release|Any CPU.ActiveCfg = Release|Any CPU
		{08D889EB-6C11-4DE2-8E99-9EEC1BD7BEC0}.Release|Any CPU.Build.0 = Release|Any CPU
		{C958D487-C3EA-4B81-9617-283DA6CE28A3}.Debug|Any CPU.ActiveCfg = Debug|Any CPU
		{C958D487-C3EA-4B81-9617-283DA6CE28A3}.Debug|Any CPU.Build.0 = Debug|Any CPU
		{C958D487-C3EA-4B81-9617-283DA6CE28A3}.Release|Any CPU.ActiveCfg = Release|Any CPU
		{C958D487-C3EA-4B81-9617-283DA6CE28A3}.Release|Any CPU.Build.0 = Release|Any CPU
		{8FCD99D1-4AD2-4B5D-BD32-0CBE5452CEBD}.Debug|Any CPU.ActiveCfg = Debug|Any CPU
		{8FCD99D1-4AD2-4B5D-BD32-0CBE5452CEBD}.Debug|Any CPU.Build.0 = Debug|Any CPU
		{8FCD99D1-4AD2-4B5D-BD32-0CBE5452CEBD}.Release|Any CPU.ActiveCfg = Release|Any CPU
		{8FCD99D1-4AD2-4B5D-BD32-0CBE5452CEBD}.Release|Any CPU.Build.0 = Release|Any CPU
		{A223DF0E-2EF7-414A-9705-EB85B8E29697}.Debug|Any CPU.ActiveCfg = Debug|Any CPU
		{A223DF0E-2EF7-414A-9705-EB85B8E29697}.Debug|Any CPU.Build.0 = Debug|Any CPU
		{A223DF0E-2EF7-414A-9705-EB85B8E29697}.Release|Any CPU.ActiveCfg = Release|Any CPU
		{A223DF0E-2EF7-414A-9705-EB85B8E29697}.Release|Any CPU.Build.0 = Release|Any CPU
		{F16B736E-1D03-46DA-A903-2F2F381BCE35}.Debug|Any CPU.ActiveCfg = Debug|Any CPU
		{F16B736E-1D03-46DA-A903-2F2F381BCE35}.Debug|Any CPU.Build.0 = Debug|Any CPU
		{F16B736E-1D03-46DA-A903-2F2F381BCE35}.Release|Any CPU.ActiveCfg = Release|Any CPU
		{F16B736E-1D03-46DA-A903-2F2F381BCE35}.Release|Any CPU.Build.0 = Release|Any CPU
		{F54A95D4-F527-4BB1-B7FC-3FFFD86D1801}.Debug|Any CPU.ActiveCfg = Debug|Any CPU
		{F54A95D4-F527-4BB1-B7FC-3FFFD86D1801}.Debug|Any CPU.Build.0 = Debug|Any CPU
		{F54A95D4-F527-4BB1-B7FC-3FFFD86D1801}.Release|Any CPU.ActiveCfg = Release|Any CPU
		{F54A95D4-F527-4BB1-B7FC-3FFFD86D1801}.Release|Any CPU.Build.0 = Release|Any CPU
		{E170EB49-9F3F-474E-8436-D4FF123FED93}.Debug|Any CPU.ActiveCfg = Debug|Any CPU
		{E170EB49-9F3F-474E-8436-D4FF123FED93}.Debug|Any CPU.Build.0 = Debug|Any CPU
		{E170EB49-9F3F-474E-8436-D4FF123FED93}.Release|Any CPU.ActiveCfg = Release|Any CPU
		{E170EB49-9F3F-474E-8436-D4FF123FED93}.Release|Any CPU.Build.0 = Release|Any CPU
		{F411AC73-F7ED-4B1A-B533-22181E92AFCF}.Debug|Any CPU.ActiveCfg = Debug|Any CPU
		{F411AC73-F7ED-4B1A-B533-22181E92AFCF}.Debug|Any CPU.Build.0 = Debug|Any CPU
		{F411AC73-F7ED-4B1A-B533-22181E92AFCF}.Release|Any CPU.ActiveCfg = Release|Any CPU
		{F411AC73-F7ED-4B1A-B533-22181E92AFCF}.Release|Any CPU.Build.0 = Release|Any CPU
		{0CF8A9BD-8239-4776-9B3C-D81E2D867D8E}.Debug|Any CPU.ActiveCfg = Debug|Any CPU
		{0CF8A9BD-8239-4776-9B3C-D81E2D867D8E}.Debug|Any CPU.Build.0 = Debug|Any CPU
		{0CF8A9BD-8239-4776-9B3C-D81E2D867D8E}.Release|Any CPU.ActiveCfg = Release|Any CPU
		{0CF8A9BD-8239-4776-9B3C-D81E2D867D8E}.Release|Any CPU.Build.0 = Release|Any CPU
	EndGlobalSection
	GlobalSection(SolutionProperties) = preSolution
		HideSolutionNode = FALSE
	EndGlobalSection
	GlobalSection(NestedProjects) = preSolution
		{96744241-0C96-4B42-B3E8-B36EFF6D54E4} = {B48C903D-33BC-4FCA-BA71-68CE93CF4CEB}
		{F5D426B5-1A02-4857-B9DD-0D1D897F9F7C} = {E0E18DB1-C362-43F9-AE72-201217D937B6}
		{C9B82768-0A13-4C8C-95A1-42759E400FB1} = {E0E18DB1-C362-43F9-AE72-201217D937B6}
		{F95BF47E-EA89-4EB6-BDAD-AE9CBF791306} = {1C7255EC-8ED7-4725-A020-3D544D174D39}
		{08D889EB-6C11-4DE2-8E99-9EEC1BD7BEC0} = {1C7255EC-8ED7-4725-A020-3D544D174D39}
		{C958D487-C3EA-4B81-9617-283DA6CE28A3} = {F8D9B554-4735-46EF-AD76-6A9B26F55F00}
		{8FCD99D1-4AD2-4B5D-BD32-0CBE5452CEBD} = {F8D9B554-4735-46EF-AD76-6A9B26F55F00}
		{A223DF0E-2EF7-414A-9705-EB85B8E29697} = {F8D9B554-4735-46EF-AD76-6A9B26F55F00}
		{F16B736E-1D03-46DA-A903-2F2F381BCE35} = {F8D9B554-4735-46EF-AD76-6A9B26F55F00}
		{F54A95D4-F527-4BB1-B7FC-3FFFD86D1801} = {F8D9B554-4735-46EF-AD76-6A9B26F55F00}
		{E170EB49-9F3F-474E-8436-D4FF123FED93} = {1C7255EC-8ED7-4725-A020-3D544D174D39}
		{F411AC73-F7ED-4B1A-B533-22181E92AFCF} = {95F61824-7871-4BCE-988B-6B5AEA575052}
		{0CF8A9BD-8239-4776-9B3C-D81E2D867D8E} = {0E9747B8-7D9D-40D6-963D-F80F7377248C}
	EndGlobalSection
	GlobalSection(ExtensibilityGlobals) = postSolution
		SolutionGuid = {7C13A85B-7A45-4B28-804D-4B67FD2AE327}
	EndGlobalSection
EndGlobal
